<?xml version="1.0" encoding="utf-8"?>
<Project ToolsVersion="4.0" xmlns="http://schemas.microsoft.com/developer/msbuild/2003">
  <ItemGroup>
    <ClCompile Include="src\ui\mainwindow.cpp" />
    <ClCompile Include="src\main.cpp" />
    <ClCompile Include="src\ui\tabs\cuttertab.cpp" />
    <ClCompile Include="src\ui\tabs\base\rectcuttercanvas.cpp" />
    <ClCompile Include="src\ui\tabs\base\canvas.cpp" />
    <ClCompile Include="src\core\regionrenderer.cpp" />
    <ClCompile Include="src\core\cutter\cyrusbeckcutter.cpp" />
    <ClCompile Include="src\ui\tabs\base\cutterconstrainter.cpp" />
  </ItemGroup>
  <ItemGroup>
    <QtMoc Include="src\ui\mainwindow.hpp" />
    <QtMoc Include="src\ui\tabs\cuttertab.hpp" />
    <QtMoc Include="src\ui\tabs\base\rectcuttercanvas.hpp" />
    <QtMoc Include="src\ui\tabs\base\canvas.hpp" />
  </ItemGroup>
  <ItemGroup>
    <QtRcc Include="src\ui\mainwindow.qrc" />
  </ItemGroup>
  <ItemGroup>
    <QtUic Include="src\ui\mainwindow.ui" />
    <QtUic Include="src\ui\tabs\cuttertab.ui" />
  </ItemGroup>
  <ItemGroup>
    <ClInclude Include="src\core\basecutter.hpp" />
    <ClInclude Include="src\core\regionrenderer.hpp" />
    <ClInclude Include="src\core\cutter\cyrusbeckcutter.hpp" />
    <ClInclude Include="src\ui\tabs\base\cutterconstrainter.hpp" />
  </ItemGroup>
</Project>