<?xml version="1.0" encoding="utf-8"?>
<Project ToolsVersion="4.0" xmlns="http://schemas.microsoft.com/developer/msbuild/2003">
  <ItemGroup>
    <Filter Include="Core">
      <UniqueIdentifier>{c0d23d66-b45c-407e-b164-fc5ed6b55928}</UniqueIdentifier>
    </Filter>
    <Filter Include="Core\Fillers">
      <UniqueIdentifier>{24a3dc3e-f52a-4b3a-b70b-9e9dd079a926}</UniqueIdentifier>
    </Filter>
    <Filter Include="Core\Line">
      <UniqueIdentifier>{3235f768-a2d5-4978-8a3c-0378f06c3556}</UniqueIdentifier>
    </Filter>
    <Filter Include="Core\Circle">
      <UniqueIdentifier>{f7b4d072-07f6-488e-8d78-cb65545cc265}</UniqueIdentifier>
    </Filter>
    <Filter Include="Core\Ellipse">
      <UniqueIdentifier>{8b90c8bb-e748-47cf-8e8e-caea995fceef}</UniqueIdentifier>
    </Filter>
    <Filter Include="UI">
      <UniqueIdentifier>{4cc3efd0-b56e-4d51-86fd-5bedcecfd61c}</UniqueIdentifier>
    </Filter>
    <Filter Include="UI\Tabs">
      <UniqueIdentifier>{f5a1fc58-a3b4-4328-874e-29721116bc28}</UniqueIdentifier>
    </Filter>
    <Filter Include="UI\Tabs\Base">
      <UniqueIdentifier>{f2e2cf80-c129-4dfb-85b7-a7c979a11be7}</UniqueIdentifier>
    </Filter>
    <Filter Include="UI\Tabs\Filler Tab">
      <UniqueIdentifier>{2df48f23-3af1-48f1-b968-c38440e4b3a1}</UniqueIdentifier>
    </Filter>
  </ItemGroup>
  <ItemGroup>
    <ClCompile Include="src\core\regionrenderer.cpp">
      <Filter>Core</Filter>
    </ClCompile>
    <ClCompile Include="src\core\line\bresintsegren.cpp">
      <Filter>Core\Line</Filter>
    </ClCompile>
    <ClCompile Include="src\core\line\bresrealsegren.cpp">
      <Filter>Core\Line</Filter>
    </ClCompile>
    <ClCompile Include="src\core\line\bressmoothsegren.cpp">
      <Filter>Core\Line</Filter>
    </ClCompile>
    <ClCompile Include="src\core\line\ddasegren.cpp">
      <Filter>Core\Line</Filter>
    </ClCompile>
    <ClCompile Include="src\core\line\librarysegren.cpp">
      <Filter>Core\Line</Filter>
    </ClCompile>
    <ClCompile Include="src\core\line\wusegren.cpp">
      <Filter>Core\Line</Filter>
    </ClCompile>
    <ClCompile Include="src\core\circle\brescirren.cpp">
      <Filter>Core\Circle</Filter>
    </ClCompile>
    <ClCompile Include="src\core\circle\canoncirren.cpp">
      <Filter>Core\Circle</Filter>
    </ClCompile>
    <ClCompile Include="src\core\circle\libcirren.cpp">
      <Filter>Core\Circle</Filter>
    </ClCompile>
    <ClCompile Include="src\core\circle\mediancirren.cpp">
      <Filter>Core\Circle</Filter>
    </ClCompile>
    <ClCompile Include="src\core\circle\paramcirren.cpp">
      <Filter>Core\Circle</Filter>
    </ClCompile>
    <ClCompile Include="src\core\ellipse\bresellren.cpp">
      <Filter>Core\Ellipse</Filter>
    </ClCompile>
    <ClCompile Include="src\core\ellipse\canonellren.cpp">
      <Filter>Core\Ellipse</Filter>
    </ClCompile>
    <ClCompile Include="src\core\ellipse\libellren.cpp">
      <Filter>Core\Ellipse</Filter>
    </ClCompile>
    <ClCompile Include="src\core\ellipse\medianellren.cpp">
      <Filter>Core\Ellipse</Filter>
    </ClCompile>
    <ClCompile Include="src\core\ellipse\paramellren.cpp">
      <Filter>Core\Ellipse</Filter>
    </ClCompile>
    <ClCompile Include="src\core\fill\boundregionrenderer.cpp">
      <Filter>Core\Fillers</Filter>
    </ClCompile>
    <ClCompile Include="src\core\fill\bucfillregionrenderer.cpp">
      <Filter>Core\Fillers</Filter>
    </ClCompile>
    <ClCompile Include="src\ui\tabs\base\interactivetabwidget.cpp">
      <Filter>UI\Tabs\Base</Filter>
    </ClCompile>
    <ClCompile Include="src\ui\tabs\base\canvastabwidget.cpp">
      <Filter>UI\Tabs\Base</Filter>
    </ClCompile>
    <ClCompile Include="src\ui\tabs\base\charttabwidget.cpp">
      <Filter>UI\Tabs\Base</Filter>
    </ClCompile>
    <ClCompile Include="src\ui\mainwindow.cpp">
      <Filter>UI</Filter>
    </ClCompile>
    <ClCompile Include="src\ui\tabs\fillertab.cpp">
      <Filter>UI\Tabs</Filter>
    </ClCompile>
    <ClCompile Include="src\main.cpp" />
    <ClCompile Include="src\core\cutter\coencutter.cpp" />
    <ClCompile Include="src\ui\tabs\base\canvas.cpp">
      <Filter>UI\Tabs\Filler Tab</Filter>
    </ClCompile>
    <ClCompile Include="src\ui\tabs\base\lineconnector.cpp">
      <Filter>UI\Tabs\Filler Tab</Filter>
    </ClCompile>
    <ClCompile Include="src\ui\tabs\base\pointconstrainter.cpp">
      <Filter>UI\Tabs\Filler Tab</Filter>
    </ClCompile>
    <ClCompile Include="src\ui\tabs\base\pointselector.cpp">
      <Filter>UI\Tabs\Filler Tab</Filter>
    </ClCompile>
    <ClCompile Include="src\ui\tabs\base\smartcanvas.cpp">
      <Filter>UI\Tabs\Filler Tab</Filter>
    </ClCompile>
    <ClCompile Include="src\ui\tabs\cuttertab.cpp" />
    <ClCompile Include="src\ui\tabs\base\rectcuttercanvas.cpp" />
    <ClCompile Include="src\core\cutter\simplecutter.cpp" />
  </ItemGroup>
  <ItemGroup>
    <QtMoc Include="src\ui\tabs\base\canvastabwidget.hpp">
      <Filter>UI\Tabs\Base</Filter>
    </QtMoc>
    <QtMoc Include="src\ui\tabs\base\charttabwidget.hpp">
      <Filter>UI\Tabs\Base</Filter>
    </QtMoc>
    <QtMoc Include="src\ui\tabs\base\tabblocks.hpp">
      <Filter>UI\Tabs\Base</Filter>
    </QtMoc>
    <QtMoc Include="src\ui\tabs\base\widgetoptions.hpp">
      <Filter>UI\Tabs\Base</Filter>
    </QtMoc>
    <QtMoc Include="src\ui\mainwindow.hpp">
      <Filter>UI</Filter>
    </QtMoc>
    <QtMoc Include="src\ui\tabs\fillertab.hpp">
      <Filter>UI\Tabs</Filter>
    </QtMoc>
    <QtMoc Include="src\ui\tabs\cuttertab.hpp" />
    <QtMoc Include="src\ui\tabs\base\canvas.hpp">
      <Filter>UI\Tabs\Filler Tab</Filter>
    </QtMoc>
    <QtMoc Include="src\ui\tabs\base\colorpickerwidget.hpp">
      <Filter>UI\Tabs\Filler Tab</Filter>
    </QtMoc>
    <QtMoc Include="src\ui\tabs\base\lineconnector.hpp">
      <Filter>UI\Tabs\Filler Tab</Filter>
    </QtMoc>
    <QtMoc Include="src\ui\tabs\base\pointselector.hpp">
      <Filter>UI\Tabs\Filler Tab</Filter>
    </QtMoc>
    <QtMoc Include="src\ui\tabs\base\smartcanvas.hpp">
      <Filter>UI\Tabs\Filler Tab</Filter>
    </QtMoc>
    <QtMoc Include="src\ui\tabs\base\basicregionwrapper.hpp">
      <Filter>UI\Tabs\Filler Tab</Filter>
    </QtMoc>
    <QtMoc Include="src\ui\tabs\base\rectcuttercanvas.hpp" />
  </ItemGroup>
  <ItemGroup>
    <QtUic Include="src\ui\tabs\base\canvastabwidget.ui">
      <Filter>UI\Tabs\Base</Filter>
    </QtUic>
    <QtUic Include="src\ui\tabs\base\charttabwidget.ui">
      <Filter>UI\Tabs\Base</Filter>
    </QtUic>
    <QtUic Include="src\ui\mainwindow.ui">
      <Filter>UI</Filter>
    </QtUic>
    <QtUic Include="src\ui\tabs\fillertab.ui">
      <Filter>UI\Tabs</Filter>
    </QtUic>
    <QtUic Include="src\ui\tabs\cuttertab.ui" />
  </ItemGroup>
  <ItemGroup>
    <ClInclude Include="src\core\primitiverenderer.hpp">
      <Filter>Core</Filter>
    </ClInclude>
    <ClInclude Include="src\core\regionrenderer.hpp">
      <Filter>Core</Filter>
    </ClInclude>
    <ClInclude Include="src\core\rendererscollection.hpp">
      <Filter>Core</Filter>
    </ClInclude>
    <ClInclude Include="src\core\line\bresintsegren.hpp">
      <Filter>Core\Line</Filter>
    </ClInclude>
    <ClInclude Include="src\core\line\bresrealsegren.hpp">
      <Filter>Core\Line</Filter>
    </ClInclude>
    <ClInclude Include="src\core\line\bressmoothsegren.hpp">
      <Filter>Core\Line</Filter>
    </ClInclude>
    <ClInclude Include="src\core\line\ddasegren.hpp">
      <Filter>Core\Line</Filter>
    </ClInclude>
    <ClInclude Include="src\core\line\librarysegren.hpp">
      <Filter>Core\Line</Filter>
    </ClInclude>
    <ClInclude Include="src\core\line\wusegren.hpp">
      <Filter>Core\Line</Filter>
    </ClInclude>
    <ClInclude Include="src\core\circle\brescirren.hpp">
      <Filter>Core\Circle</Filter>
    </ClInclude>
    <ClInclude Include="src\core\circle\canoncirren.hpp">
      <Filter>Core\Circle</Filter>
    </ClInclude>
    <ClInclude Include="src\core\circle\libcirren.hpp">
      <Filter>Core\Circle</Filter>
    </ClInclude>
    <ClInclude Include="src\core\circle\mediancirren.hpp">
      <Filter>Core\Circle</Filter>
    </ClInclude>
    <ClInclude Include="src\core\circle\paramcirren.hpp">
      <Filter>Core\Circle</Filter>
    </ClInclude>
    <ClInclude Include="src\core\ellipse\bresellren.hpp">
      <Filter>Core\Ellipse</Filter>
    </ClInclude>
    <ClInclude Include="src\core\ellipse\canonellren.hpp">
      <Filter>Core\Ellipse</Filter>
    </ClInclude>
    <ClInclude Include="src\core\ellipse\libellren.hpp">
      <Filter>Core\Ellipse</Filter>
    </ClInclude>
    <ClInclude Include="src\core\ellipse\medianellren.hpp">
      <Filter>Core\Ellipse</Filter>
    </ClInclude>
    <ClInclude Include="src\core\ellipse\paramellren.hpp">
      <Filter>Core\Ellipse</Filter>
    </ClInclude>
    <ClInclude Include="src\core\fill\boundregionrenderer.hpp">
      <Filter>Core\Fillers</Filter>
    </ClInclude>
    <ClInclude Include="src\core\fill\bucfillregionrenderer.hpp">
      <Filter>Core\Fillers</Filter>
    </ClInclude>
    <ClInclude Include="src\ui\tabs\base\interactivetabwidget.hpp">
      <Filter>UI\Tabs\Base</Filter>
    </ClInclude>
    <ClInclude Include="src\core\cutter\coencutter.hpp" />
    <ClInclude Include="src\core\basecutter.hpp" />
    <ClInclude Include="src\ui\tabs\base\pointconstrainter.hpp">
      <Filter>UI\Tabs\Filler Tab</Filter>
    </ClInclude>
    <ClInclude Include="src\core\cutter\simplecutter.hpp" />
  </ItemGroup>
  <ItemGroup>
    <QtRcc Include="src\ui\mainwindow.qrc">
      <Filter>UI</Filter>
    </QtRcc>
  </ItemGroup>
</Project>